
Microsoft Visual Studio Solution File, Format Version 12.00
# Visual Studio 15
VisualStudioVersion = 15.0.26124.0
MinimumVisualStudioVersion = 15.0.26124.0
Project("{2150E333-8FDC-42A3-9474-1A3956D46DE8}") = "src", "src", "{57476B2A-E880-4F95-88EC-A2D56CE01986}"
EndProject
Project("{FAE04EC0-301F-11D3-BF4B-00C04F79EFBC}") = "MyCompany.Application", "src\MyCompany.Application\MyCompany.Application.csproj", "{92C7D684-5A63-485A-A3EB-D3DAB6265B3A}"
EndProject
Project("{2150E333-8FDC-42A3-9474-1A3956D46DE8}") = "tests", "tests", "{3137609E-B67F-49F4-B719-3B8EA7C65502}"
EndProject
Project("{FAE04EC0-301F-11D3-BF4B-00C04F79EFBC}") = "MyCompany.Application.Test", "tests\MyCompany.Application.Test\MyCompany.Application.Test.csproj", "{5BCF3228-F171-4B93-88C3-5E6483D6B9FE}"
EndProject
Project("{FAE04EC0-301F-11D3-BF4B-00C04F79EFBC}") = "MyCompany.Test", "tests\MyCompany.Test\MyCompany.Test.csproj", "{D5E8A9C1-A0A6-4C0C-8563-0AC2DD623583}"
EndProject
Global
	GlobalSection(SolutionConfigurationPlatforms) = preSolution
		Debug|Any CPU = Debug|Any CPU
		Debug|x64 = Debug|x64
		Debug|x86 = Debug|x86
		Release|Any CPU = Release|Any CPU
		Release|x64 = Release|x64
		Release|x86 = Release|x86
	EndGlobalSection
	GlobalSection(SolutionProperties) = preSolution
		HideSolutionNode = FALSE
	EndGlobalSection
	GlobalSection(ProjectConfigurationPlatforms) = postSolution
		{92C7D684-5A63-485A-A3EB-D3DAB6265B3A}.Debug|Any CPU.ActiveCfg = Debug|Any CPU
		{92C7D684-5A63-485A-A3EB-D3DAB6265B3A}.Debug|Any CPU.Build.0 = Debug|Any CPU
		{92C7D684-5A63-485A-A3EB-D3DAB6265B3A}.Debug|x64.ActiveCfg = Debug|Any CPU
		{92C7D684-5A63-485A-A3EB-D3DAB6265B3A}.Debug|x64.Build.0 = Debug|Any CPU
		{92C7D684-5A63-485A-A3EB-D3DAB6265B3A}.Debug|x86.ActiveCfg = Debug|Any CPU
		{92C7D684-5A63-485A-A3EB-D3DAB6265B3A}.Debug|x86.Build.0 = Debug|Any CPU
		{92C7D684-5A63-485A-A3EB-D3DAB6265B3A}.Release|Any CPU.ActiveCfg = Release|Any CPU
		{92C7D684-5A63-485A-A3EB-D3DAB6265B3A}.Release|Any CPU.Build.0 = Release|Any CPU
		{92C7D684-5A63-485A-A3EB-D3DAB6265B3A}.Release|x64.ActiveCfg = Release|Any CPU
		{92C7D684-5A63-485A-A3EB-D3DAB6265B3A}.Release|x64.Build.0 = Release|Any CPU
		{92C7D684-5A63-485A-A3EB-D3DAB6265B3A}.Release|x86.ActiveCfg = Release|Any CPU
		{92C7D684-5A63-485A-A3EB-D3DAB6265B3A}.Release|x86.Build.0 = Release|Any CPU
		{5BCF3228-F171-4B93-88C3-5E6483D6B9FE}.Debug|Any CPU.ActiveCfg = Debug|Any CPU
		{5BCF3228-F171-4B93-88C3-5E6483D6B9FE}.Debug|Any CPU.Build.0 = Debug|Any CPU
		{5BCF3228-F171-4B93-88C3-5E6483D6B9FE}.Debug|x64.ActiveCfg = Debug|Any CPU
		{5BCF3228-F171-4B93-88C3-5E6483D6B9FE}.Debug|x64.Build.0 = Debug|Any CPU
		{5BCF3228-F171-4B93-88C3-5E6483D6B9FE}.Debug|x86.ActiveCfg = Debug|Any CPU
		{5BCF3228-F171-4B93-88C3-5E6483D6B9FE}.Debug|x86.Build.0 = Debug|Any CPU
		{5BCF3228-F171-4B93-88C3-5E6483D6B9FE}.Release|Any CPU.ActiveCfg = Release|Any CPU
		{5BCF3228-F171-4B93-88C3-5E6483D6B9FE}.Release|Any CPU.Build.0 = Release|Any CPU
		{5BCF3228-F171-4B93-88C3-5E6483D6B9FE}.Release|x64.ActiveCfg = Release|Any CPU
		{5BCF3228-F171-4B93-88C3-5E6483D6B9FE}.Release|x64.Build.0 = Release|Any CPU
		{5BCF3228-F171-4B93-88C3-5E6483D6B9FE}.Release|x86.ActiveCfg = Release|Any CPU
		{5BCF3228-F171-4B93-88C3-5E6483D6B9FE}.Release|x86.Build.0 = Release|Any CPU
		{D5E8A9C1-A0A6-4C0C-8563-0AC2DD623583}.Debug|Any CPU.ActiveCfg = Debug|Any CPU
		{D5E8A9C1-A0A6-4C0C-8563-0AC2DD623583}.Debug|Any CPU.Build.0 = Debug|Any CPU
		{D5E8A9C1-A0A6-4C0C-8563-0AC2DD623583}.Debug|x64.ActiveCfg = Debug|Any CPU
		{D5E8A9C1-A0A6-4C0C-8563-0AC2DD623583}.Debug|x64.Build.0 = Debug|Any CPU
		{D5E8A9C1-A0A6-4C0C-8563-0AC2DD623583}.Debug|x86.ActiveCfg = Debug|Any CPU
		{D5E8A9C1-A0A6-4C0C-8563-0AC2DD623583}.Debug|x86.Build.0 = Debug|Any CPU
		{D5E8A9C1-A0A6-4C0C-8563-0AC2DD623583}.Release|Any CPU.ActiveCfg = Release|Any CPU
		{D5E8A9C1-A0A6-4C0C-8563-0AC2DD623583}.Release|Any CPU.Build.0 = Release|Any CPU
		{D5E8A9C1-A0A6-4C0C-8563-0AC2DD623583}.Release|x64.ActiveCfg = Release|Any CPU
		{D5E8A9C1-A0A6-4C0C-8563-0AC2DD623583}.Release|x64.Build.0 = Release|Any CPU
		{D5E8A9C1-A0A6-4C0C-8563-0AC2DD623583}.Release|x86.ActiveCfg = Release|Any CPU
		{D5E8A9C1-A0A6-4C0C-8563-0AC2DD623583}.Release|x86.Build.0 = Release|Any CPU
	EndGlobalSection
	GlobalSection(NestedProjects) = preSolution
		{92C7D684-5A63-485A-A3EB-D3DAB6265B3A} = {57476B2A-E880-4F95-88EC-A2D56CE01986}
		{5BCF3228-F171-4B93-88C3-5E6483D6B9FE} = {3137609E-B67F-49F4-B719-3B8EA7C65502}
		{D5E8A9C1-A0A6-4C0C-8563-0AC2DD623583} = {3137609E-B67F-49F4-B719-3B8EA7C65502}
	EndGlobalSection
EndGlobal
